
Microsoft Visual Studio Solution File, Format Version 12.00
# Visual Studio Version 16
VisualStudioVersion = 16.0.30804.86
MinimumVisualStudioVersion = 10.0.40219.1
Project("{FAE04EC0-301F-11D3-BF4B-00C04F79EFBC}") = "RybyNahodne", "RybyNahodne\RybyNahodne.csproj", "{0E9FAB19-AC9F-4BDF-B4E1-C929920A4D7A}"
EndProject
Global
	GlobalSection(SolutionConfigurationPlatforms) = preSolution
		Debug|Any CPU = Debug|Any CPU
		Release|Any CPU = Release|Any CPU
	EndGlobalSection
	GlobalSection(ProjectConfigurationPlatforms) = postSolution
		{0E9FAB19-AC9F-4BDF-B4E1-C929920A4D7A}.Debug|Any CPU.ActiveCfg = Debug|Any CPU
		{0E9FAB19-AC9F-4BDF-B4E1-C929920A4D7A}.Debug|Any CPU.Build.0 = Debug|Any CPU
		{0E9FAB19-AC9F-4BDF-B4E1-C929920A4D7A}.Release|Any CPU.ActiveCfg = Release|Any CPU
		{0E9FAB19-AC9F-4BDF-B4E1-C929920A4D7A}.Release|Any CPU.Build.0 = Release|Any CPU
	EndGlobalSection
	GlobalSection(SolutionProperties) = preSolution
		HideSolutionNode = FALSE
	EndGlobalSection
	GlobalSection(ExtensibilityGlobals) = postSolution
		SolutionGuid = {0C3B85DA-46A8-44A7-9AC0-2B6CF2034D63}
	EndGlobalSection
EndGlobal
